
Microsoft Visual Studio Solution File, Format Version 12.00
# Visual Studio Version 16
VisualStudioVersion = 16.0.32630.194
MinimumVisualStudioVersion = 10.0.40219.1
Project("{8BC9CEB8-8B4A-11D0-8D11-00A0C91BC942}") = "OpenGL00", "OpenGL00\OpenGL00.vcxproj", "{38966E0D-16F4-431E-9BDE-677791798451}"
EndProject
Global
	GlobalSection(SolutionConfigurationPlatforms) = preSolution
		Debug|x64 = Debug|x64
		Debug|x86 = Debug|x86
		Release|x64 = Release|x64
		Release|x86 = Release|x86
	EndGlobalSection
	GlobalSection(ProjectConfigurationPlatforms) = postSolution
		{38966E0D-16F4-431E-9BDE-677791798451}.Debug|x64.ActiveCfg = Debug|x64
		{38966E0D-16F4-431E-9BDE-677791798451}.Debug|x64.Build.0 = Debug|x64
		{38966E0D-16F4-431E-9BDE-677791798451}.Debug|x86.ActiveCfg = Debug|Win32
		{38966E0D-16F4-431E-9BDE-677791798451}.Debug|x86.Build.0 = Debug|Win32
		{38966E0D-16F4-431E-9BDE-677791798451}.Release|x64.ActiveCfg = Release|x64
		{38966E0D-16F4-431E-9BDE-677791798451}.Release|x64.Build.0 = Release|x64
		{38966E0D-16F4-431E-9BDE-677791798451}.Release|x86.ActiveCfg = Release|Win32
		{38966E0D-16F4-431E-9BDE-677791798451}.Release|x86.Build.0 = Release|Win32
	EndGlobalSection
	GlobalSection(SolutionProperties) = preSolution
		HideSolutionNode = FALSE
	EndGlobalSection
	GlobalSection(ExtensibilityGlobals) = postSolution
		SolutionGuid = {8C6F62E9-7BB4-4329-889E-6C8711E1D006}
	EndGlobalSection
EndGlobal
